{
  "name": "AdminDashboard",
  "lockfileVersion": 2,
  "requires": true,
  "packages": {
    "": {
      "dependencies": {
        "@mdi/font": "^7.1.96"
      }
    },
    "node_modules/@mdi/font": {
      "version": "7.1.96",
      "resolved": "https://registry.npmjs.org/@mdi/font/-/font-7.1.96.tgz",
      "integrity": "sha512-Imag6npmfkBDi2Ze2jiZVAPTDIKLxhz2Sx82xJ2zctyAU5LYJejLI5ChnDwiD9bMkQfVuzEsI98Q8toHyC+HCg=="
    }
  },
  "dependencies": {
    "@mdi/font": {
      "version": "7.1.96",
      "resolved": "https://registry.npmjs.org/@mdi/font/-/font-7.1.96.tgz",
      "integrity": "sha512-Imag6npmfkBDi2Ze2jiZVAPTDIKLxhz2Sx82xJ2zctyAU5LYJejLI5ChnDwiD9bMkQfVuzEsI98Q8toHyC+HCg=="
    }
  }
}
